
Microsoft Visual Studio Solution File, Format Version 12.00
# Visual Studio Version 16
VisualStudioVersion = 16.0.30621.155
MinimumVisualStudioVersion = 10.0.40219.1
Project("{FAE04EC0-301F-11D3-BF4B-00C04F79EFBC}") = "QLKS", "QLKS.csproj", "{003C9267-F87C-4684-8F13-7C11C140EED8}"
EndProject
Global
	GlobalSection(SolutionConfigurationPlatforms) = preSolution
		Debug|Any CPU = Debug|Any CPU
		Release|Any CPU = Release|Any CPU
	EndGlobalSection
	GlobalSection(ProjectConfigurationPlatforms) = postSolution
		{003C9267-F87C-4684-8F13-7C11C140EED8}.Debug|Any CPU.ActiveCfg = Debug|Any CPU
		{003C9267-F87C-4684-8F13-7C11C140EED8}.Debug|Any CPU.Build.0 = Debug|Any CPU
		{003C9267-F87C-4684-8F13-7C11C140EED8}.Release|Any CPU.ActiveCfg = Release|Any CPU
		{003C9267-F87C-4684-8F13-7C11C140EED8}.Release|Any CPU.Build.0 = Release|Any CPU
	EndGlobalSection
	GlobalSection(SolutionProperties) = preSolution
		HideSolutionNode = FALSE
	EndGlobalSection
	GlobalSection(ExtensibilityGlobals) = postSolution
		SolutionGuid = {52E53828-922F-46AA-B341-ACBA731A5E8D}
	EndGlobalSection
EndGlobal
